// !$*UTF8*$!
{
	archiveVersion = 1;
	classes = {
	};
	objectVersion = 56;
	objects = {

/* Begin PBXBuildFile section */
		8659D88E29B5BDA1007E7D6B /* _Gavin__Learning_App.swift in Sources */ = {isa = PBXBuildFile; fileRef = 8659D88D29B5BDA1007E7D6B /* _Gavin__Learning_App.swift */; };
		8659D89029B5BDA1007E7D6B /* HomeView.swift in Sources */ = {isa = PBXBuildFile; fileRef = 8659D88F29B5BDA1007E7D6B /* HomeView.swift */; };
		8659D89229B5BDA1007E7D6B /* Assets.xcassets in Resources */ = {isa = PBXBuildFile; fileRef = 8659D89129B5BDA1007E7D6B /* Assets.xcassets */; };
		8659D89529B5BDA1007E7D6B /* Preview Assets.xcassets in Resources */ = {isa = PBXBuildFile; fileRef = 8659D89429B5BDA1007E7D6B /* Preview Assets.xcassets */; };
		8659D8A129B5BE4D007E7D6B /* ContentModel.swift in Sources */ = {isa = PBXBuildFile; fileRef = 8659D8A029B5BE4D007E7D6B /* ContentModel.swift */; };
		8659D8A429B6FCA6007E7D6B /* data.json in Resources */ = {isa = PBXBuildFile; fileRef = 8659D8A229B6FCA6007E7D6B /* data.json */; };
		8659D8A529B6FCA6007E7D6B /* style.html in Resources */ = {isa = PBXBuildFile; fileRef = 8659D8A329B6FCA6007E7D6B /* style.html */; };
		8659D8A729B6FE8E007E7D6B /* Models.swift in Sources */ = {isa = PBXBuildFile; fileRef = 8659D8A629B6FE8E007E7D6B /* Models.swift */; };
		8659D8A929B85B64007E7D6B /* HomeViewRow.swift in Sources */ = {isa = PBXBuildFile; fileRef = 8659D8A829B85B64007E7D6B /* HomeViewRow.swift */; };
		8659D8AB29B90991007E7D6B /* ContentView.swift in Sources */ = {isa = PBXBuildFile; fileRef = 8659D8AA29B90991007E7D6B /* ContentView.swift */; };
		8659D8AD29B9138C007E7D6B /* ContentViewRow.swift in Sources */ = {isa = PBXBuildFile; fileRef = 8659D8AC29B9138C007E7D6B /* ContentViewRow.swift */; };
		8659D8AF29B94801007E7D6B /* ContentDetailView.swift in Sources */ = {isa = PBXBuildFile; fileRef = 8659D8AE29B94801007E7D6B /* ContentDetailView.swift */; };
		8659D8B229B94B16007E7D6B /* AVKit.framework in Frameworks */ = {isa = PBXBuildFile; fileRef = 8659D8B129B94B16007E7D6B /* AVKit.framework */; };
		8659D8B429B94F62007E7D6B /* Constants.swift in Sources */ = {isa = PBXBuildFile; fileRef = 8659D8B329B94F62007E7D6B /* Constants.swift */; };
/* End PBXBuildFile section */

/* Begin PBXFileReference section */
		8659D88A29B5BDA1007E7D6B /* (Gavin) Learning App.app */ = {isa = PBXFileReference; explicitFileType = wrapper.application; includeInIndex = 0; path = "(Gavin) Learning App.app"; sourceTree = BUILT_PRODUCTS_DIR; };
		8659D88D29B5BDA1007E7D6B /* _Gavin__Learning_App.swift */ = {isa = PBXFileReference; lastKnownFileType = sourcecode.swift; path = _Gavin__Learning_App.swift; sourceTree = "<group>"; };
		8659D88F29B5BDA1007E7D6B /* HomeView.swift */ = {isa = PBXFileReference; lastKnownFileType = sourcecode.swift; path = HomeView.swift; sourceTree = "<group>"; };
		8659D89129B5BDA1007E7D6B /* Assets.xcassets */ = {isa = PBXFileReference; lastKnownFileType = folder.assetcatalog; path = Assets.xcassets; sourceTree = "<group>"; };
		8659D89429B5BDA1007E7D6B /* Preview Assets.xcassets */ = {isa = PBXFileReference; lastKnownFileType = folder.assetcatalog; path = "Preview Assets.xcassets"; sourceTree = "<group>"; };
		8659D8A029B5BE4D007E7D6B /* ContentModel.swift */ = {isa = PBXFileReference; lastKnownFileType = sourcecode.swift; path = ContentModel.swift; sourceTree = "<group>"; };
		8659D8A229B6FCA6007E7D6B /* data.json */ = {isa = PBXFileReference; fileEncoding = 4; lastKnownFileType = text.json; path = data.json; sourceTree = "<group>"; };
		8659D8A329B6FCA6007E7D6B /* style.html */ = {isa = PBXFileReference; fileEncoding = 4; lastKnownFileType = text.html; path = style.html; sourceTree = "<group>"; };
		8659D8A629B6FE8E007E7D6B /* Models.swift */ = {isa = PBXFileReference; lastKnownFileType = sourcecode.swift; path = Models.swift; sourceTree = "<group>"; };
		8659D8A829B85B64007E7D6B /* HomeViewRow.swift */ = {isa = PBXFileReference; lastKnownFileType = sourcecode.swift; path = HomeViewRow.swift; sourceTree = "<group>"; };
		8659D8AA29B90991007E7D6B /* ContentView.swift */ = {isa = PBXFileReference; lastKnownFileType = sourcecode.swift; path = ContentView.swift; sourceTree = "<group>"; };
		8659D8AC29B9138C007E7D6B /* ContentViewRow.swift */ = {isa = PBXFileReference; lastKnownFileType = sourcecode.swift; path = ContentViewRow.swift; sourceTree = "<group>"; };
		8659D8AE29B94801007E7D6B /* ContentDetailView.swift */ = {isa = PBXFileReference; lastKnownFileType = sourcecode.swift; path = ContentDetailView.swift; sourceTree = "<group>"; };
		8659D8B129B94B16007E7D6B /* AVKit.framework */ = {isa = PBXFileReference; lastKnownFileType = wrapper.framework; name = AVKit.framework; path = System/Library/Frameworks/AVKit.framework; sourceTree = SDKROOT; };
		8659D8B329B94F62007E7D6B /* Constants.swift */ = {isa = PBXFileReference; lastKnownFileType = sourcecode.swift; path = Constants.swift; sourceTree = "<group>"; };
/* End PBXFileReference section */

/* Begin PBXFrameworksBuildPhase section */
		8659D88729B5BDA1007E7D6B /* Frameworks */ = {
			isa = PBXFrameworksBuildPhase;
			buildActionMask = 2147483647;
			files = (
				8659D8B229B94B16007E7D6B /* AVKit.framework in Frameworks */,
			);
			runOnlyForDeploymentPostprocessing = 0;
		};
/* End PBXFrameworksBuildPhase section */

/* Begin PBXGroup section */
		8659D88129B5BDA0007E7D6B = {
			isa = PBXGroup;
			children = (
				8659D88C29B5BDA1007E7D6B /* (Gavin) Learning App */,
				8659D88B29B5BDA1007E7D6B /* Products */,
				8659D8B029B94B16007E7D6B /* Frameworks */,
			);
			sourceTree = "<group>";
		};
		8659D88B29B5BDA1007E7D6B /* Products */ = {
			isa = PBXGroup;
			children = (
				8659D88A29B5BDA1007E7D6B /* (Gavin) Learning App.app */,
			);
			name = Products;
			sourceTree = "<group>";
		};
		8659D88C29B5BDA1007E7D6B /* (Gavin) Learning App */ = {
			isa = PBXGroup;
			children = (
				8659D88D29B5BDA1007E7D6B /* _Gavin__Learning_App.swift */,
				8659D89B29B5BDFE007E7D6B /* Views */,
				8659D89C29B5BE03007E7D6B /* ViewModels */,
				8659D89D29B5BE08007E7D6B /* Models */,
				8659D89E29B5BE0D007E7D6B /* Resources */,
				8659D89F29B5BE13007E7D6B /* Helpers */,
				8659D89129B5BDA1007E7D6B /* Assets.xcassets */,
				8659D89329B5BDA1007E7D6B /* Preview Content */,
			);
			path = "(Gavin) Learning App";
			sourceTree = "<group>";
		};
		8659D89329B5BDA1007E7D6B /* Preview Content */ = {
			isa = PBXGroup;
			children = (
				8659D89429B5BDA1007E7D6B /* Preview Assets.xcassets */,
			);
			path = "Preview Content";
			sourceTree = "<group>";
		};
		8659D89B29B5BDFE007E7D6B /* Views */ = {
			isa = PBXGroup;
			children = (
				8659D88F29B5BDA1007E7D6B /* HomeView.swift */,
				8659D8A829B85B64007E7D6B /* HomeViewRow.swift */,
				8659D8AA29B90991007E7D6B /* ContentView.swift */,
				8659D8AC29B9138C007E7D6B /* ContentViewRow.swift */,
				8659D8AE29B94801007E7D6B /* ContentDetailView.swift */,
			);
			path = Views;
			sourceTree = "<group>";
		};
		8659D89C29B5BE03007E7D6B /* ViewModels */ = {
			isa = PBXGroup;
			children = (
				8659D8A029B5BE4D007E7D6B /* ContentModel.swift */,
			);
			path = ViewModels;
			sourceTree = "<group>";
		};
		8659D89D29B5BE08007E7D6B /* Models */ = {
			isa = PBXGroup;
			children = (
				8659D8A629B6FE8E007E7D6B /* Models.swift */,
			);
			path = Models;
			sourceTree = "<group>";
		};
		8659D89E29B5BE0D007E7D6B /* Resources */ = {
			isa = PBXGroup;
			children = (
				8659D8A229B6FCA6007E7D6B /* data.json */,
				8659D8A329B6FCA6007E7D6B /* style.html */,
				8659D8B329B94F62007E7D6B /* Constants.swift */,
			);
			path = Resources;
			sourceTree = "<group>";
		};
		8659D89F29B5BE13007E7D6B /* Helpers */ = {
			isa = PBXGroup;
			children = (
			);
			path = Helpers;
			sourceTree = "<group>";
		};
		8659D8B029B94B16007E7D6B /* Frameworks */ = {
			isa = PBXGroup;
			children = (
				8659D8B129B94B16007E7D6B /* AVKit.framework */,
			);
			name = Frameworks;
			sourceTree = "<group>";
		};
/* End PBXGroup section */

/* Begin PBXNativeTarget section */
		8659D88929B5BDA1007E7D6B /* (Gavin) Learning App */ = {
			isa = PBXNativeTarget;
			buildConfigurationList = 8659D89829B5BDA1007E7D6B /* Build configuration list for PBXNativeTarget "(Gavin) Learning App" */;
			buildPhases = (
				8659D88629B5BDA1007E7D6B /* Sources */,
				8659D88729B5BDA1007E7D6B /* Frameworks */,
				8659D88829B5BDA1007E7D6B /* Resources */,
			);
			buildRules = (
			);
			dependencies = (
			);
			name = "(Gavin) Learning App";
			productName = "(Gavin) Learning App";
			productReference = 8659D88A29B5BDA1007E7D6B /* (Gavin) Learning App.app */;
			productType = "com.apple.product-type.application";
		};
/* End PBXNativeTarget section */

/* Begin PBXProject section */
		8659D88229B5BDA0007E7D6B /* Project object */ = {
			isa = PBXProject;
			attributes = {
				BuildIndependentTargetsInParallel = 1;
				LastSwiftUpdateCheck = 1420;
				LastUpgradeCheck = 1420;
				TargetAttributes = {
					8659D88929B5BDA1007E7D6B = {
						CreatedOnToolsVersion = 14.2;
					};
				};
			};
			buildConfigurationList = 8659D88529B5BDA0007E7D6B /* Build configuration list for PBXProject "(Gavin) Learning App" */;
			compatibilityVersion = "Xcode 14.0";
			developmentRegion = en;
			hasScannedForEncodings = 0;
			knownRegions = (
				en,
				Base,
			);
			mainGroup = 8659D88129B5BDA0007E7D6B;
			productRefGroup = 8659D88B29B5BDA1007E7D6B /* Products */;
			projectDirPath = "";
			projectRoot = "";
			targets = (
				8659D88929B5BDA1007E7D6B /* (Gavin) Learning App */,
			);
		};
/* End PBXProject section */

/* Begin PBXResourcesBuildPhase section */
		8659D88829B5BDA1007E7D6B /* Resources */ = {
			isa = PBXResourcesBuildPhase;
			buildActionMask = 2147483647;
			files = (
				8659D89529B5BDA1007E7D6B /* Preview Assets.xcassets in Resources */,
				8659D8A429B6FCA6007E7D6B /* data.json in Resources */,
				8659D8A529B6FCA6007E7D6B /* style.html in Resources */,
				8659D89229B5BDA1007E7D6B /* Assets.xcassets in Resources */,
			);
			runOnlyForDeploymentPostprocessing = 0;
		};
/* End PBXResourcesBuildPhase section */

/* Begin PBXSourcesBuildPhase section */
		8659D88629B5BDA1007E7D6B /* Sources */ = {
			isa = PBXSourcesBuildPhase;
			buildActionMask = 2147483647;
			files = (
				8659D89029B5BDA1007E7D6B /* HomeView.swift in Sources */,
				8659D8A929B85B64007E7D6B /* HomeViewRow.swift in Sources */,
				8659D8AB29B90991007E7D6B /* ContentView.swift in Sources */,
				8659D8AF29B94801007E7D6B /* ContentDetailView.swift in Sources */,
				8659D88E29B5BDA1007E7D6B /* _Gavin__Learning_App.swift in Sources */,
				8659D8AD29B9138C007E7D6B /* ContentViewRow.swift in Sources */,
				8659D8A129B5BE4D007E7D6B /* ContentModel.swift in Sources */,
				8659D8A729B6FE8E007E7D6B /* Models.swift in Sources */,
				8659D8B429B94F62007E7D6B /* Constants.swift in Sources */,
			);
			runOnlyForDeploymentPostprocessing = 0;
		};
/* End PBXSourcesBuildPhase section */

/* Begin XCBuildConfiguration section */
		8659D89629B5BDA1007E7D6B /* Debug */ = {
			isa = XCBuildConfiguration;
			buildSettings = {
				ALWAYS_SEARCH_USER_PATHS = NO;
				CLANG_ANALYZER_NONNULL = YES;
				CLANG_ANALYZER_NUMBER_OBJECT_CONVERSION = YES_AGGRESSIVE;
				CLANG_CXX_LANGUAGE_STANDARD = "gnu++20";
				CLANG_ENABLE_MODULES = YES;
				CLANG_ENABLE_OBJC_ARC = YES;
				CLANG_ENABLE_OBJC_WEAK = YES;
				CLANG_WARN_BLOCK_CAPTURE_AUTORELEASING = YES;
				CLANG_WARN_BOOL_CONVERSION = YES;
				CLANG_WARN_COMMA = YES;
				CLANG_WARN_CONSTANT_CONVERSION = YES;
				CLANG_WARN_DEPRECATED_OBJC_IMPLEMENTATIONS = YES;
				CLANG_WARN_DIRECT_OBJC_ISA_USAGE = YES_ERROR;
				CLANG_WARN_DOCUMENTATION_COMMENTS = YES;
				CLANG_WARN_EMPTY_BODY = YES;
				CLANG_WARN_ENUM_CONVERSION = YES;
				CLANG_WARN_INFINITE_RECURSION = YES;
				CLANG_WARN_INT_CONVERSION = YES;
				CLANG_WARN_NON_LITERAL_NULL_CONVERSION = YES;
				CLANG_WARN_OBJC_IMPLICIT_RETAIN_SELF = YES;
				CLANG_WARN_OBJC_LITERAL_CONVERSION = YES;
				CLANG_WARN_OBJC_ROOT_CLASS = YES_ERROR;
				CLANG_WARN_QUOTED_INCLUDE_IN_FRAMEWORK_HEADER = YES;
				CLANG_WARN_RANGE_LOOP_ANALYSIS = YES;
				CLANG_WARN_STRICT_PROTOTYPES = YES;
				CLANG_WARN_SUSPICIOUS_MOVE = YES;
				CLANG_WARN_UNGUARDED_AVAILABILITY = YES_AGGRESSIVE;
				CLANG_WARN_UNREACHABLE_CODE = YES;
				CLANG_WARN__DUPLICATE_METHOD_MATCH = YES;
				COPY_PHASE_STRIP = NO;
				DEBUG_INFORMATION_FORMAT = dwarf;
				ENABLE_STRICT_OBJC_MSGSEND = YES;
				ENABLE_TESTABILITY = YES;
				GCC_C_LANGUAGE_STANDARD = gnu11;
				GCC_DYNAMIC_NO_PIC = NO;
				GCC_NO_COMMON_BLOCKS = YES;
				GCC_OPTIMIZATION_LEVEL = 0;
				GCC_PREPROCESSOR_DEFINITIONS = (
					"DEBUG=1",
					"$(inherited)",
				);
				GCC_WARN_64_TO_32_BIT_CONVERSION = YES;
				GCC_WARN_ABOUT_RETURN_TYPE = YES_ERROR;
				GCC_WARN_UNDECLARED_SELECTOR = YES;
				GCC_WARN_UNINITIALIZED_AUTOS = YES_AGGRESSIVE;
				GCC_WARN_UNUSED_FUNCTION = YES;
				GCC_WARN_UNUSED_VARIABLE = YES;
				IPHONEOS_DEPLOYMENT_TARGET = 16.2;
				MTL_ENABLE_DEBUG_INFO = INCLUDE_SOURCE;
				MTL_FAST_MATH = YES;
				ONLY_ACTIVE_ARCH = YES;
				SDKROOT = iphoneos;
				SWIFT_ACTIVE_COMPILATION_CONDITIONS = DEBUG;
				SWIFT_OPTIMIZATION_LEVEL = "-Onone";
			};
			name = Debug;
		};
		8659D89729B5BDA1007E7D6B /* Release */ = {
			isa = XCBuildConfiguration;
			buildSettings = {
				ALWAYS_SEARCH_USER_PATHS = NO;
				CLANG_ANALYZER_NONNULL = YES;
				CLANG_ANALYZER_NUMBER_OBJECT_CONVERSION = YES_AGGRESSIVE;
				CLANG_CXX_LANGUAGE_STANDARD = "gnu++20";
				CLANG_ENABLE_MODULES = YES;
				CLANG_ENABLE_OBJC_ARC = YES;
				CLANG_ENABLE_OBJC_WEAK = YES;
				CLANG_WARN_BLOCK_CAPTURE_AUTORELEASING = YES;
				CLANG_WARN_BOOL_CONVERSION = YES;
				CLANG_WARN_COMMA = YES;
				CLANG_WARN_CONSTANT_CONVERSION = YES;
				CLANG_WARN_DEPRECATED_OBJC_IMPLEMENTATIONS = YES;
				CLANG_WARN_DIRECT_OBJC_ISA_USAGE = YES_ERROR;
				CLANG_WARN_DOCUMENTATION_COMMENTS = YES;
				CLANG_WARN_EMPTY_BODY = YES;
				CLANG_WARN_ENUM_CONVERSION = YES;
				CLANG_WARN_INFINITE_RECURSION = YES;
				CLANG_WARN_INT_CONVERSION = YES;
				CLANG_WARN_NON_LITERAL_NULL_CONVERSION = YES;
				CLANG_WARN_OBJC_IMPLICIT_RETAIN_SELF = YES;
				CLANG_WARN_OBJC_LITERAL_CONVERSION = YES;
				CLANG_WARN_OBJC_ROOT_CLASS = YES_ERROR;
				CLANG_WARN_QUOTED_INCLUDE_IN_FRAMEWORK_HEADER = YES;
				CLANG_WARN_RANGE_LOOP_ANALYSIS = YES;
				CLANG_WARN_STRICT_PROTOTYPES = YES;
				CLANG_WARN_SUSPICIOUS_MOVE = YES;
				CLANG_WARN_UNGUARDED_AVAILABILITY = YES_AGGRESSIVE;
				CLANG_WARN_UNREACHABLE_CODE = YES;
				CLANG_WARN__DUPLICATE_METHOD_MATCH = YES;
				COPY_PHASE_STRIP = NO;
				DEBUG_INFORMATION_FORMAT = "dwarf-with-dsym";
				ENABLE_NS_ASSERTIONS = NO;
				ENABLE_STRICT_OBJC_MSGSEND = YES;
				GCC_C_LANGUAGE_STANDARD = gnu11;
				GCC_NO_COMMON_BLOCKS = YES;
				GCC_WARN_64_TO_32_BIT_CONVERSION = YES;
				GCC_WARN_ABOUT_RETURN_TYPE = YES_ERROR;
				GCC_WARN_UNDECLARED_SELECTOR = YES;
				GCC_WARN_UNINITIALIZED_AUTOS = YES_AGGRESSIVE;
				GCC_WARN_UNUSED_FUNCTION = YES;
				GCC_WARN_UNUSED_VARIABLE = YES;
				IPHONEOS_DEPLOYMENT_TARGET = 16.2;
				MTL_ENABLE_DEBUG_INFO = NO;
				MTL_FAST_MATH = YES;
				SDKROOT = iphoneos;
				SWIFT_COMPILATION_MODE = wholemodule;
				SWIFT_OPTIMIZATION_LEVEL = "-O";
				VALIDATE_PRODUCT = YES;
			};
			name = Release;
		};
		8659D89929B5BDA1007E7D6B /* Debug */ = {
			isa = XCBuildConfiguration;
			buildSettings = {
				ASSETCATALOG_COMPILER_APPICON_NAME = AppIcon;
				ASSETCATALOG_COMPILER_GLOBAL_ACCENT_COLOR_NAME = AccentColor;
				CODE_SIGN_STYLE = Automatic;
				CURRENT_PROJECT_VERSION = 1;
				DEVELOPMENT_ASSET_PATHS = "\"(Gavin) Learning App/Preview Content\"";
				DEVELOPMENT_TEAM = 95GVZGQJ97;
				ENABLE_PREVIEWS = YES;
				GENERATE_INFOPLIST_FILE = YES;
				INFOPLIST_KEY_UIApplicationSceneManifest_Generation = YES;
				INFOPLIST_KEY_UIApplicationSupportsIndirectInputEvents = YES;
				INFOPLIST_KEY_UILaunchScreen_Generation = YES;
				INFOPLIST_KEY_UISupportedInterfaceOrientations_iPad = "UIInterfaceOrientationPortrait UIInterfaceOrientationPortraitUpsideDown UIInterfaceOrientationLandscapeLeft UIInterfaceOrientationLandscapeRight";
				INFOPLIST_KEY_UISupportedInterfaceOrientations_iPhone = "UIInterfaceOrientationPortrait UIInterfaceOrientationLandscapeLeft UIInterfaceOrientationLandscapeRight";
				LD_RUNPATH_SEARCH_PATHS = (
					"$(inherited)",
					"@executable_path/Frameworks",
				);
				MARKETING_VERSION = 1.0;
				PRODUCT_BUNDLE_IDENTIFIER = "com.gavinkwon.-Gavin--Learning-App";
				PRODUCT_NAME = "$(TARGET_NAME)";
				SWIFT_EMIT_LOC_STRINGS = YES;
				SWIFT_VERSION = 5.0;
				TARGETED_DEVICE_FAMILY = "1,2";
			};
			name = Debug;
		};
		8659D89A29B5BDA1007E7D6B /* Release */ = {
			isa = XCBuildConfiguration;
			buildSettings = {
				ASSETCATALOG_COMPILER_APPICON_NAME = AppIcon;
				ASSETCATALOG_COMPILER_GLOBAL_ACCENT_COLOR_NAME = AccentColor;
				CODE_SIGN_STYLE = Automatic;
				CURRENT_PROJECT_VERSION = 1;
				DEVELOPMENT_ASSET_PATHS = "\"(Gavin) Learning App/Preview Content\"";
				DEVELOPMENT_TEAM = 95GVZGQJ97;
				ENABLE_PREVIEWS = YES;
				GENERATE_INFOPLIST_FILE = YES;
				INFOPLIST_KEY_UIApplicationSceneManifest_Generation = YES;
				INFOPLIST_KEY_UIApplicationSupportsIndirectInputEvents = YES;
				INFOPLIST_KEY_UILaunchScreen_Generation = YES;
				INFOPLIST_KEY_UISupportedInterfaceOrientations_iPad = "UIInterfaceOrientationPortrait UIInterfaceOrientationPortraitUpsideDown UIInterfaceOrientationLandscapeLeft UIInterfaceOrientationLandscapeRight";
				INFOPLIST_KEY_UISupportedInterfaceOrientations_iPhone = "UIInterfaceOrientationPortrait UIInterfaceOrientationLandscapeLeft UIInterfaceOrientationLandscapeRight";
				LD_RUNPATH_SEARCH_PATHS = (
					"$(inherited)",
					"@executable_path/Frameworks",
				);
				MARKETING_VERSION = 1.0;
				PRODUCT_BUNDLE_IDENTIFIER = "com.gavinkwon.-Gavin--Learning-App";
				PRODUCT_NAME = "$(TARGET_NAME)";
				SWIFT_EMIT_LOC_STRINGS = YES;
				SWIFT_VERSION = 5.0;
				TARGETED_DEVICE_FAMILY = "1,2";
			};
			name = Release;
		};
/* End XCBuildConfiguration section */

/* Begin XCConfigurationList section */
		8659D88529B5BDA0007E7D6B /* Build configuration list for PBXProject "(Gavin) Learning App" */ = {
			isa = XCConfigurationList;
			buildConfigurations = (
				8659D89629B5BDA1007E7D6B /* Debug */,
				8659D89729B5BDA1007E7D6B /* Release */,
			);
			defaultConfigurationIsVisible = 0;
			defaultConfigurationName = Release;
		};
		8659D89829B5BDA1007E7D6B /* Build configuration list for PBXNativeTarget "(Gavin) Learning App" */ = {
			isa = XCConfigurationList;
			buildConfigurations = (
				8659D89929B5BDA1007E7D6B /* Debug */,
				8659D89A29B5BDA1007E7D6B /* Release */,
			);
			defaultConfigurationIsVisible = 0;
			defaultConfigurationName = Release;
		};
/* End XCConfigurationList section */
	};
	rootObject = 8659D88229B5BDA0007E7D6B /* Project object */;
}
